schema: '2.0'
stages:
  load_data:
    cmd: python src/stage_01_load_save.py --config=config/config.yaml
    deps:
    - path: config/config.yaml
      md5: 6f63f9a0791b7ef2a8be1fc4d939e617
      size: 394
    - path: src/stage_01_load_save.py
      md5: 485d4ef8e98c12cc1ba98e36adf37025
      size: 1085
    - path: src/utils/all_utils.py
      md5: 95d839f1e410880de38a5954c241542d
      size: 959
    outs:
    - path: artifacts/raw_local_dir/data.csv
      md5: 5c33bd2c9a20152b080d3ae7ee0542b6
      size: 93599
  split_data:
    cmd: python src/stage_02_split_data.py --config=config/config.yaml --params=params.yaml
    deps:
    - path: artifacts/raw_local_dir/data.csv
      md5: 5c33bd2c9a20152b080d3ae7ee0542b6
      size: 93599
    - path: config/config.yaml
      md5: 6f63f9a0791b7ef2a8be1fc4d939e617
      size: 394
    - path: params.yaml
      md5: ac0a5530515b8b03a8c148e3b89b0a24
      size: 110
    - path: src/stage_02_split_data.py
      md5: 492026974b65b3160e5fcb5d019d66ff
      size: 1804
    - path: src/utils/all_utils.py
      md5: 95d839f1e410880de38a5954c241542d
      size: 959
    params:
      params.yaml:
        base.random_state: 42
        base.test_size: 0.3
    outs:
    - path: artifacts/split_data_dir/test.csv
      md5: 5d80d1dbb4fe961c188e8bb45f3573ab
      size: 28169
    - path: artifacts/split_data_dir/train.csv
      md5: dfebfdf1f9671dfd30a6add5e9bcb1e7
      size: 65577
  model_training:
    cmd: python src/stage_03_model_training.py --config=config/config.yaml --params=params.yaml
    deps:
    - path: artifacts/split_data_dir/train.csv
      md5: dfebfdf1f9671dfd30a6add5e9bcb1e7
      size: 65577
    - path: config/config.yaml
      md5: 6f63f9a0791b7ef2a8be1fc4d939e617
      size: 394
    - path: params.yaml
      md5: ac0a5530515b8b03a8c148e3b89b0a24
      size: 110
    - path: src/stage_03_model_training.py
      md5: fd4f2d38898f075e2bfe106bee6dfe9a
      size: 1915
    - path: src/utils/all_utils.py
      md5: 95d839f1e410880de38a5954c241542d
      size: 959
    params:
      params.yaml:
        model_params.ElasticNet.alpha: 0.5
        model_params.ElasticNet.l1_ratio: 0.5
    outs:
    - path: artifacts/model_dir/ElasticNet.model
      md5: 5e0aa54d837c5c5c7354ad7592c9da0e
      size: 1316
  Evaluation:
    cmd: python src/stage_04_evaluate.py --config=config/config.yaml --params=params.yaml
    deps:
    - path: artifacts/model_dir/ElasticNet.model
      md5: 5e0aa54d837c5c5c7354ad7592c9da0e
      size: 1316
    - path: artifacts/split_data_dir/test.csv
      md5: 5d80d1dbb4fe961c188e8bb45f3573ab
      size: 28169
    - path: config/config.yaml
      md5: 6f63f9a0791b7ef2a8be1fc4d939e617
      size: 394
    - path: params.yaml
      md5: ac0a5530515b8b03a8c148e3b89b0a24
      size: 110
    - path: src/stage_03_model_training.py
      md5: fd4f2d38898f075e2bfe106bee6dfe9a
      size: 1915
    - path: src/utils/all_utils.py
      md5: 95d839f1e410880de38a5954c241542d
      size: 959
    outs:
    - path: artifacts/reports_dir/scores.json
      md5: 84f1d54f0e77e603f4c90eb86933ff4f
      size: 100
